// !$*UTF8*$!
{
	archiveVersion = 1;
	classes = {
	};
	objectVersion = 46;
	objects = {

/* Begin PBXBuildFile section */
		8EB14AA71B0332CB00E5EB18 /* main.m in Sources */ = {isa = PBXBuildFile; fileRef = 8EB14AA61B0332CB00E5EB18 /* main.m */; };
		8EB14AAA1B0332CB00E5EB18 /* AppDelegate.m in Sources */ = {isa = PBXBuildFile; fileRef = 8EB14AA91B0332CB00E5EB18 /* AppDelegate.m */; };
		8EB14AAD1B0332CB00E5EB18 /* ViewController.m in Sources */ = {isa = PBXBuildFile; fileRef = 8EB14AAC1B0332CB00E5EB18 /* ViewController.m */; };
		8EB14AB01B0332CB00E5EB18 /* Main.storyboard in Resources */ = {isa = PBXBuildFile; fileRef = 8EB14AAE1B0332CB00E5EB18 /* Main.storyboard */; };
		8EB14AB21B0332CB00E5EB18 /* Images.xcassets in Resources */ = {isa = PBXBuildFile; fileRef = 8EB14AB11B0332CB00E5EB18 /* Images.xcassets */; };
		8EB14AB51B0332CB00E5EB18 /* LaunchScreen.xib in Resources */ = {isa = PBXBuildFile; fileRef = 8EB14AB31B0332CB00E5EB18 /* LaunchScreen.xib */; };
		8EB14AC11B0332CC00E5EB18 /* ProjectUtadaTests.m in Sources */ = {isa = PBXBuildFile; fileRef = 8EB14AC01B0332CC00E5EB18 /* ProjectUtadaTests.m */; };
/* End PBXBuildFile section */

/* Begin PBXContainerItemProxy section */
		8EB14ABB1B0332CC00E5EB18 /* PBXContainerItemProxy */ = {
			isa = PBXContainerItemProxy;
			containerPortal = 8EB14A991B0332CB00E5EB18 /* Project object */;
			proxyType = 1;
			remoteGlobalIDString = 8EB14AA01B0332CB00E5EB18;
			remoteInfo = ProjectUtada;
		};
/* End PBXContainerItemProxy section */

/* Begin PBXFileReference section */
		8EB14AA11B0332CB00E5EB18 /* ProjectUtada.app */ = {isa = PBXFileReference; explicitFileType = wrapper.application; includeInIndex = 0; path = ProjectUtada.app; sourceTree = BUILT_PRODUCTS_DIR; };
		8EB14AA51B0332CB00E5EB18 /* Info.plist */ = {isa = PBXFileReference; lastKnownFileType = text.plist.xml; path = Info.plist; sourceTree = "<group>"; };
		8EB14AA61B0332CB00E5EB18 /* main.m */ = {isa = PBXFileReference; lastKnownFileType = sourcecode.c.objc; path = main.m; sourceTree = "<group>"; };
		8EB14AA81B0332CB00E5EB18 /* AppDelegate.h */ = {isa = PBXFileReference; lastKnownFileType = sourcecode.c.h; path = AppDelegate.h; sourceTree = "<group>"; };
		8EB14AA91B0332CB00E5EB18 /* AppDelegate.m */ = {isa = PBXFileReference; lastKnownFileType = sourcecode.c.objc; path = AppDelegate.m; sourceTree = "<group>"; };
		8EB14AAB1B0332CB00E5EB18 /* ViewController.h */ = {isa = PBXFileReference; lastKnownFileType = sourcecode.c.h; path = ViewController.h; sourceTree = "<group>"; };
		8EB14AAC1B0332CB00E5EB18 /* ViewController.m */ = {isa = PBXFileReference; lastKnownFileType = sourcecode.c.objc; path = ViewController.m; sourceTree = "<group>"; };
		8EB14AAF1B0332CB00E5EB18 /* Base */ = {isa = PBXFileReference; lastKnownFileType = file.storyboard; name = Base; path = Base.lproj/Main.storyboard; sourceTree = "<group>"; };
		8EB14AB11B0332CB00E5EB18 /* Images.xcassets */ = {isa = PBXFileReference; lastKnownFileType = folder.assetcatalog; path = Images.xcassets; sourceTree = "<group>"; };
		8EB14AB41B0332CB00E5EB18 /* Base */ = {isa = PBXFileReference; lastKnownFileType = file.xib; name = Base; path = Base.lproj/LaunchScreen.xib; sourceTree = "<group>"; };
		8EB14ABA1B0332CC00E5EB18 /* ProjectUtadaTests.xctest */ = {isa = PBXFileReference; explicitFileType = wrapper.cfbundle; includeInIndex = 0; path = ProjectUtadaTests.xctest; sourceTree = BUILT_PRODUCTS_DIR; };
		8EB14ABF1B0332CC00E5EB18 /* Info.plist */ = {isa = PBXFileReference; lastKnownFileType = text.plist.xml; path = Info.plist; sourceTree = "<group>"; };
		8EB14AC01B0332CC00E5EB18 /* ProjectUtadaTests.m */ = {isa = PBXFileReference; lastKnownFileType = sourcecode.c.objc; path = ProjectUtadaTests.m; sourceTree = "<group>"; };
/* End PBXFileReference section */

/* Begin PBXFrameworksBuildPhase section */
		8EB14A9E1B0332CB00E5EB18 /* Frameworks */ = {
			isa = PBXFrameworksBuildPhase;
			buildActionMask = 2147483647;
			files = (
			);
			runOnlyForDeploymentPostprocessing = 0;
		};
		8EB14AB71B0332CC00E5EB18 /* Frameworks */ = {
			isa = PBXFrameworksBuildPhase;
			buildActionMask = 2147483647;
			files = (
			);
			runOnlyForDeploymentPostprocessing = 0;
		};
/* End PBXFrameworksBuildPhase section */

/* Begin PBXGroup section */
		8EB14A981B0332CB00E5EB18 = {
			isa = PBXGroup;
			children = (
				8EB14AA31B0332CB00E5EB18 /* ProjectUtada */,
				8EB14ABD1B0332CC00E5EB18 /* ProjectUtadaTests */,
				8EB14AA21B0332CB00E5EB18 /* Products */,
			);
			sourceTree = "<group>";
		};
		8EB14AA21B0332CB00E5EB18 /* Products */ = {
			isa = PBXGroup;
			children = (
				8EB14AA11B0332CB00E5EB18 /* ProjectUtada.app */,
				8EB14ABA1B0332CC00E5EB18 /* ProjectUtadaTests.xctest */,
			);
			name = Products;
			sourceTree = "<group>";
		};
		8EB14AA31B0332CB00E5EB18 /* ProjectUtada */ = {
			isa = PBXGroup;
			children = (
				8EB14AA81B0332CB00E5EB18 /* AppDelegate.h */,
				8EB14AA91B0332CB00E5EB18 /* AppDelegate.m */,
				8EB14AAB1B0332CB00E5EB18 /* ViewController.h */,
				8EB14AAC1B0332CB00E5EB18 /* ViewController.m */,
				8EB14AAE1B0332CB00E5EB18 /* Main.storyboard */,
				8EB14AB11B0332CB00E5EB18 /* Images.xcassets */,
				8EB14AB31B0332CB00E5EB18 /* LaunchScreen.xib */,
				8EB14AA41B0332CB00E5EB18 /* Supporting Files */,
			);
			path = ProjectUtada;
			sourceTree = "<group>";
		};
		8EB14AA41B0332CB00E5EB18 /* Supporting Files */ = {
			isa = PBXGroup;
			children = (
				8EB14AA51B0332CB00E5EB18 /* Info.plist */,
				8EB14AA61B0332CB00E5EB18 /* main.m */,
			);
			name = "Supporting Files";
			sourceTree = "<group>";
		};
		8EB14ABD1B0332CC00E5EB18 /* ProjectUtadaTests */ = {
			isa = PBXGroup;
			children = (
				8EB14AC01B0332CC00E5EB18 /* ProjectUtadaTests.m */,
				8EB14ABE1B0332CC00E5EB18 /* Supporting Files */,
			);
			path = ProjectUtadaTests;
			sourceTree = "<group>";
		};
		8EB14ABE1B0332CC00E5EB18 /* Supporting Files */ = {
			isa = PBXGroup;
			children = (
				8EB14ABF1B0332CC00E5EB18 /* Info.plist */,
			);
			name = "Supporting Files";
			sourceTree = "<group>";
		};
/* End PBXGroup section */

/* Begin PBXNativeTarget section */
		8EB14AA01B0332CB00E5EB18 /* ProjectUtada */ = {
			isa = PBXNativeTarget;
			buildConfigurationList = 8EB14AC41B0332CC00E5EB18 /* Build configuration list for PBXNativeTarget "ProjectUtada" */;
			buildPhases = (
				8EB14A9D1B0332CB00E5EB18 /* Sources */,
				8EB14A9E1B0332CB00E5EB18 /* Frameworks */,
				8EB14A9F1B0332CB00E5EB18 /* Resources */,
			);
			buildRules = (
			);
			dependencies = (
			);
			name = ProjectUtada;
			productName = ProjectUtada;
			productReference = 8EB14AA11B0332CB00E5EB18 /* ProjectUtada.app */;
			productType = "com.apple.product-type.application";
		};
		8EB14AB91B0332CC00E5EB18 /* ProjectUtadaTests */ = {
			isa = PBXNativeTarget;
			buildConfigurationList = 8EB14AC71B0332CC00E5EB18 /* Build configuration list for PBXNativeTarget "ProjectUtadaTests" */;
			buildPhases = (
				8EB14AB61B0332CC00E5EB18 /* Sources */,
				8EB14AB71B0332CC00E5EB18 /* Frameworks */,
				8EB14AB81B0332CC00E5EB18 /* Resources */,
			);
			buildRules = (
			);
			dependencies = (
				8EB14ABC1B0332CC00E5EB18 /* PBXTargetDependency */,
			);
			name = ProjectUtadaTests;
			productName = ProjectUtadaTests;
			productReference = 8EB14ABA1B0332CC00E5EB18 /* ProjectUtadaTests.xctest */;
			productType = "com.apple.product-type.bundle.unit-test";
		};
/* End PBXNativeTarget section */

/* Begin PBXProject section */
		8EB14A991B0332CB00E5EB18 /* Project object */ = {
			isa = PBXProject;
			attributes = {
				LastUpgradeCheck = 0630;
				TargetAttributes = {
					8EB14AA01B0332CB00E5EB18 = {
						CreatedOnToolsVersion = 6.3.1;
					};
					8EB14AB91B0332CC00E5EB18 = {
						CreatedOnToolsVersion = 6.3.1;
						TestTargetID = 8EB14AA01B0332CB00E5EB18;
					};
				};
			};
			buildConfigurationList = 8EB14A9C1B0332CB00E5EB18 /* Build configuration list for PBXProject "ProjectUtada" */;
			compatibilityVersion = "Xcode 3.2";
			developmentRegion = English;
			hasScannedForEncodings = 0;
			knownRegions = (
				en,
				Base,
			);
			mainGroup = 8EB14A981B0332CB00E5EB18;
			productRefGroup = 8EB14AA21B0332CB00E5EB18 /* Products */;
			projectDirPath = "";
			projectRoot = "";
			targets = (
				8EB14AA01B0332CB00E5EB18 /* ProjectUtada */,
				8EB14AB91B0332CC00E5EB18 /* ProjectUtadaTests */,
			);
		};
/* End PBXProject section */

/* Begin PBXResourcesBuildPhase section */
		8EB14A9F1B0332CB00E5EB18 /* Resources */ = {
			isa = PBXResourcesBuildPhase;
			buildActionMask = 2147483647;
			files = (
				8EB14AB01B0332CB00E5EB18 /* Main.storyboard in Resources */,
				8EB14AB51B0332CB00E5EB18 /* LaunchScreen.xib in Resources */,
				8EB14AB21B0332CB00E5EB18 /* Images.xcassets in Resources */,
			);
			runOnlyForDeploymentPostprocessing = 0;
		};
		8EB14AB81B0332CC00E5EB18 /* Resources */ = {
			isa = PBXResourcesBuildPhase;
			buildActionMask = 2147483647;
			files = (
			);
			runOnlyForDeploymentPostprocessing = 0;
		};
/* End PBXResourcesBuildPhase section */

/* Begin PBXSourcesBuildPhase section */
		8EB14A9D1B0332CB00E5EB18 /* Sources */ = {
			isa = PBXSourcesBuildPhase;
			buildActionMask = 2147483647;
			files = (
				8EB14AAD1B0332CB00E5EB18 /* ViewController.m in Sources */,
				8EB14AAA1B0332CB00E5EB18 /* AppDelegate.m in Sources */,
				8EB14AA71B0332CB00E5EB18 /* main.m in Sources */,
			);
			runOnlyForDeploymentPostprocessing = 0;
		};
		8EB14AB61B0332CC00E5EB18 /* Sources */ = {
			isa = PBXSourcesBuildPhase;
			buildActionMask = 2147483647;
			files = (
				8EB14AC11B0332CC00E5EB18 /* ProjectUtadaTests.m in Sources */,
			);
			runOnlyForDeploymentPostprocessing = 0;
		};
/* End PBXSourcesBuildPhase section */

/* Begin PBXTargetDependency section */
		8EB14ABC1B0332CC00E5EB18 /* PBXTargetDependency */ = {
			isa = PBXTargetDependency;
			target = 8EB14AA01B0332CB00E5EB18 /* ProjectUtada */;
			targetProxy = 8EB14ABB1B0332CC00E5EB18 /* PBXContainerItemProxy */;
		};
/* End PBXTargetDependency section */

/* Begin PBXVariantGroup section */
		8EB14AAE1B0332CB00E5EB18 /* Main.storyboard */ = {
			isa = PBXVariantGroup;
			children = (
				8EB14AAF1B0332CB00E5EB18 /* Base */,
			);
			name = Main.storyboard;
			sourceTree = "<group>";
		};
		8EB14AB31B0332CB00E5EB18 /* LaunchScreen.xib */ = {
			isa = PBXVariantGroup;
			children = (
				8EB14AB41B0332CB00E5EB18 /* Base */,
			);
			name = LaunchScreen.xib;
			sourceTree = "<group>";
		};
/* End PBXVariantGroup section */

/* Begin XCBuildConfiguration section */
		8EB14AC21B0332CC00E5EB18 /* Debug */ = {
			isa = XCBuildConfiguration;
			buildSettings = {
				ALWAYS_SEARCH_USER_PATHS = NO;
				CLANG_CXX_LANGUAGE_STANDARD = "gnu++0x";
				CLANG_CXX_LIBRARY = "libc++";
				CLANG_ENABLE_MODULES = YES;
				CLANG_ENABLE_OBJC_ARC = YES;
				CLANG_WARN_BOOL_CONVERSION = YES;
				CLANG_WARN_CONSTANT_CONVERSION = YES;
				CLANG_WARN_DIRECT_OBJC_ISA_USAGE = YES_ERROR;
				CLANG_WARN_EMPTY_BODY = YES;
				CLANG_WARN_ENUM_CONVERSION = YES;
				CLANG_WARN_INT_CONVERSION = YES;
				CLANG_WARN_OBJC_ROOT_CLASS = YES_ERROR;
				CLANG_WARN_UNREACHABLE_CODE = YES;
				CLANG_WARN__DUPLICATE_METHOD_MATCH = YES;
				"CODE_SIGN_IDENTITY[sdk=iphoneos*]" = "iPhone Developer";
				COPY_PHASE_STRIP = NO;
				DEBUG_INFORMATION_FORMAT = "dwarf-with-dsym";
				ENABLE_STRICT_OBJC_MSGSEND = YES;
				GCC_C_LANGUAGE_STANDARD = gnu99;
				GCC_DYNAMIC_NO_PIC = NO;
				GCC_NO_COMMON_BLOCKS = YES;
				GCC_OPTIMIZATION_LEVEL = 0;
				GCC_PREPROCESSOR_DEFINITIONS = (
					"DEBUG=1",
					"$(inherited)",
				);
				GCC_SYMBOLS_PRIVATE_EXTERN = NO;
				GCC_WARN_64_TO_32_BIT_CONVERSION = YES;
				GCC_WARN_ABOUT_RETURN_TYPE = YES_ERROR;
				GCC_WARN_UNDECLARED_SELECTOR = YES;
				GCC_WARN_UNINITIALIZED_AUTOS = YES_AGGRESSIVE;
				GCC_WARN_UNUSED_FUNCTION = YES;
				GCC_WARN_UNUSED_VARIABLE = YES;
				IPHONEOS_DEPLOYMENT_TARGET = 8.3;
				MTL_ENABLE_DEBUG_INFO = YES;
				ONLY_ACTIVE_ARCH = YES;
				SDKROOT = iphoneos;
			};
			name = Debug;
		};
		8EB14AC31B0332CC00E5EB18 /* Release */ = {
			isa = XCBuildConfiguration;
			buildSettings = {
				ALWAYS_SEARCH_USER_PATHS = NO;
				CLANG_CXX_LANGUAGE_STANDARD = "gnu++0x";
				CLANG_CXX_LIBRARY = "libc++";
				CLANG_ENABLE_MODULES = YES;
				CLANG_ENABLE_OBJC_ARC = YES;
				CLANG_WARN_BOOL_CONVERSION = YES;
				CLANG_WARN_CONSTANT_CONVERSION = YES;
				CLANG_WARN_DIRECT_OBJC_ISA_USAGE = YES_ERROR;
				CLANG_WARN_EMPTY_BODY = YES;
				CLANG_WARN_ENUM_CONVERSION = YES;
				CLANG_WARN_INT_CONVERSION = YES;
				CLANG_WARN_OBJC_ROOT_CLASS = YES_ERROR;
				CLANG_WARN_UNREACHABLE_CODE = YES;
				CLANG_WARN__DUPLICATE_METHOD_MATCH = YES;
				"CODE_SIGN_IDENTITY[sdk=iphoneos*]" = "iPhone Developer";
				COPY_PHASE_STRIP = NO;
				DEBUG_INFORMATION_FORMAT = "dwarf-with-dsym";
				ENABLE_NS_ASSERTIONS = NO;
				ENABLE_STRICT_OBJC_MSGSEND = YES;
				GCC_C_LANGUAGE_STANDARD = gnu99;
				GCC_NO_COMMON_BLOCKS = YES;
				GCC_WARN_64_TO_32_BIT_CONVERSION = YES;
				GCC_WARN_ABOUT_RETURN_TYPE = YES_ERROR;
				GCC_WARN_UNDECLARED_SELECTOR = YES;
				GCC_WARN_UNINITIALIZED_AUTOS = YES_AGGRESSIVE;
				GCC_WARN_UNUSED_FUNCTION = YES;
				GCC_WARN_UNUSED_VARIABLE = YES;
				IPHONEOS_DEPLOYMENT_TARGET = 8.3;
				MTL_ENABLE_DEBUG_INFO = NO;
				SDKROOT = iphoneos;
				VALIDATE_PRODUCT = YES;
			};
			name = Release;
		};
		8EB14AC51B0332CC00E5EB18 /* Debug */ = {
			isa = XCBuildConfiguration;
			buildSettings = {
				ASSETCATALOG_COMPILER_APPICON_NAME = AppIcon;
				INFOPLIST_FILE = ProjectUtada/Info.plist;
				LD_RUNPATH_SEARCH_PATHS = "$(inherited) @executable_path/Frameworks";
				PRODUCT_NAME = "$(TARGET_NAME)";
			};
			name = Debug;
		};
		8EB14AC61B0332CC00E5EB18 /* Release */ = {
			isa = XCBuildConfiguration;
			buildSettings = {
				ASSETCATALOG_COMPILER_APPICON_NAME = AppIcon;
				INFOPLIST_FILE = ProjectUtada/Info.plist;
				LD_RUNPATH_SEARCH_PATHS = "$(inherited) @executable_path/Frameworks";
				PRODUCT_NAME = "$(TARGET_NAME)";
			};
			name = Release;
		};
		8EB14AC81B0332CC00E5EB18 /* Debug */ = {
			isa = XCBuildConfiguration;
			buildSettings = {
				BUNDLE_LOADER = "$(TEST_HOST)";
				FRAMEWORK_SEARCH_PATHS = (
					"$(SDKROOT)/Developer/Library/Frameworks",
					"$(inherited)",
				);
				GCC_PREPROCESSOR_DEFINITIONS = (
					"DEBUG=1",
					"$(inherited)",
				);
				INFOPLIST_FILE = ProjectUtadaTests/Info.plist;
				LD_RUNPATH_SEARCH_PATHS = "$(inherited) @executable_path/Frameworks @loader_path/Frameworks";
				PRODUCT_NAME = "$(TARGET_NAME)";
				TEST_HOST = "$(BUILT_PRODUCTS_DIR)/ProjectUtada.app/ProjectUtada";
			};
			name = Debug;
		};
		8EB14AC91B0332CC00E5EB18 /* Release */ = {
			isa = XCBuildConfiguration;
			buildSettings = {
				BUNDLE_LOADER = "$(TEST_HOST)";
				FRAMEWORK_SEARCH_PATHS = (
					"$(SDKROOT)/Developer/Library/Frameworks",
					"$(inherited)",
				);
				INFOPLIST_FILE = ProjectUtadaTests/Info.plist;
				LD_RUNPATH_SEARCH_PATHS = "$(inherited) @executable_path/Frameworks @loader_path/Frameworks";
				PRODUCT_NAME = "$(TARGET_NAME)";
				TEST_HOST = "$(BUILT_PRODUCTS_DIR)/ProjectUtada.app/ProjectUtada";
			};
			name = Release;
		};
/* End XCBuildConfiguration section */

/* Begin XCConfigurationList section */
		8EB14A9C1B0332CB00E5EB18 /* Build configuration list for PBXProject "ProjectUtada" */ = {
			isa = XCConfigurationList;
			buildConfigurations = (
				8EB14AC21B0332CC00E5EB18 /* Debug */,
				8EB14AC31B0332CC00E5EB18 /* Release */,
			);
			defaultConfigurationIsVisible = 0;
			defaultConfigurationName = Release;
		};
		8EB14AC41B0332CC00E5EB18 /* Build configuration list for PBXNativeTarget "ProjectUtada" */ = {
			isa = XCConfigurationList;
			buildConfigurations = (
				8EB14AC51B0332CC00E5EB18 /* Debug */,
				8EB14AC61B0332CC00E5EB18 /* Release */,
			);
			defaultConfigurationIsVisible = 0;
		};
		8EB14AC71B0332CC00E5EB18 /* Build configuration list for PBXNativeTarget "ProjectUtadaTests" */ = {
			isa = XCConfigurationList;
			buildConfigurations = (
				8EB14AC81B0332CC00E5EB18 /* Debug */,
				8EB14AC91B0332CC00E5EB18 /* Release */,
			);
			defaultConfigurationIsVisible = 0;
		};
/* End XCConfigurationList section */
	};
	rootObject = 8EB14A991B0332CB00E5EB18 /* Project object */;
}
